
Microsoft Visual Studio Solution File, Format Version 12.00
# Visual Studio Version 16
VisualStudioVersion = 16.0.31424.327
MinimumVisualStudioVersion = 10.0.40219.1
Project("{FAE04EC0-301F-11D3-BF4B-00C04F79EFBC}") = "PracticaMetodos", "PracticaMetodos\PracticaMetodos.csproj", "{2D5117DA-3282-445C-ABF4-1A5106AE5F50}"
EndProject
Global
	GlobalSection(SolutionConfigurationPlatforms) = preSolution
		Debug|Any CPU = Debug|Any CPU
		Release|Any CPU = Release|Any CPU
	EndGlobalSection
	GlobalSection(ProjectConfigurationPlatforms) = postSolution
		{2D5117DA-3282-445C-ABF4-1A5106AE5F50}.Debug|Any CPU.ActiveCfg = Debug|Any CPU
		{2D5117DA-3282-445C-ABF4-1A5106AE5F50}.Debug|Any CPU.Build.0 = Debug|Any CPU
		{2D5117DA-3282-445C-ABF4-1A5106AE5F50}.Release|Any CPU.ActiveCfg = Release|Any CPU
		{2D5117DA-3282-445C-ABF4-1A5106AE5F50}.Release|Any CPU.Build.0 = Release|Any CPU
	EndGlobalSection
	GlobalSection(SolutionProperties) = preSolution
		HideSolutionNode = FALSE
	EndGlobalSection
	GlobalSection(ExtensibilityGlobals) = postSolution
		SolutionGuid = {D28D5C4F-4C45-44C4-B5A2-2D14F58198F7}
	EndGlobalSection
EndGlobal
